
Microsoft Visual Studio Solution File, Format Version 12.00
# Visual Studio 14
VisualStudioVersion = 14.0.24720.0
MinimumVisualStudioVersion = 10.0.40219.1
Project("{8BC9CEB8-8B4A-11D0-8D11-00A0C91BC942}") = "Label", "Label\Label.vcxproj", "{E1EB44AF-1210-4B73-B536-D11DF9CFA8FD}"
EndProject
Project("{8BC9CEB8-8B4A-11D0-8D11-00A0C91BC942}") = "TextBox", "TextBox\TextBox.vcxproj", "{3217D392-2460-4BEA-B902-5BB8A349C10D}"
	ProjectSection(ProjectDependencies) = postProject
		{55BCA2C9-3FA3-4484-B5DC-E60F27C68281} = {55BCA2C9-3FA3-4484-B5DC-E60F27C68281}
	EndProjectSection
EndProject
Project("{8BC9CEB8-8B4A-11D0-8D11-00A0C91BC942}") = "CheckList", "CheckList\CheckList.vcxproj", "{64D7EB7F-F59C-4528-A4B0-49588213E10D}"
	ProjectSection(ProjectDependencies) = postProject
		{55BCA2C9-3FA3-4484-B5DC-E60F27C68281} = {55BCA2C9-3FA3-4484-B5DC-E60F27C68281}
	EndProjectSection
EndProject
Project("{8BC9CEB8-8B4A-11D0-8D11-00A0C91BC942}") = "NumericBox", "NumericBox\NumericBox.vcxproj", "{7AD32C46-0EBD-4B61-A93C-9A94B24C2007}"
	ProjectSection(ProjectDependencies) = postProject
		{55BCA2C9-3FA3-4484-B5DC-E60F27C68281} = {55BCA2C9-3FA3-4484-B5DC-E60F27C68281}
	EndProjectSection
EndProject
Project("{8BC9CEB8-8B4A-11D0-8D11-00A0C91BC942}") = "Button", "Button\Button.vcxproj", "{05F03B4B-822B-4A84-BA42-E431CC7F7617}"
	ProjectSection(ProjectDependencies) = postProject
		{55BCA2C9-3FA3-4484-B5DC-E60F27C68281} = {55BCA2C9-3FA3-4484-B5DC-E60F27C68281}
	EndProjectSection
EndProject
Project("{8BC9CEB8-8B4A-11D0-8D11-00A0C91BC942}") = "RadioList", "RadioList\RadioList.vcxproj", "{94BD6883-9699-4BF4-A538-22392DA360A0}"
	ProjectSection(ProjectDependencies) = postProject
		{55BCA2C9-3FA3-4484-B5DC-E60F27C68281} = {55BCA2C9-3FA3-4484-B5DC-E60F27C68281}
	EndProjectSection
EndProject
Project("{8BC9CEB8-8B4A-11D0-8D11-00A0C91BC942}") = "Panel", "Panel\Panel.vcxproj", "{169B814C-87FB-43D7-922D-A03EB62B2EF0}"
	ProjectSection(ProjectDependencies) = postProject
		{55BCA2C9-3FA3-4484-B5DC-E60F27C68281} = {55BCA2C9-3FA3-4484-B5DC-E60F27C68281}
	EndProjectSection
EndProject
Project("{8BC9CEB8-8B4A-11D0-8D11-00A0C91BC942}") = "Control", "Control\Control.vcxproj", "{55BCA2C9-3FA3-4484-B5DC-E60F27C68281}"
EndProject
Project("{8BC9CEB8-8B4A-11D0-8D11-00A0C91BC942}") = "Graphics", "Graphics\Graphics.vcxproj", "{6CD1CFB2-193C-433E-B360-C03FC412AD77}"
EndProject
Project("{8BC9CEB8-8B4A-11D0-8D11-00A0C91BC942}") = "EventEngine", "EventEngine\EventEngine.vcxproj", "{024F4A6A-2A09-4770-964B-D35FDA749FDD}"
	ProjectSection(ProjectDependencies) = postProject
		{55BCA2C9-3FA3-4484-B5DC-E60F27C68281} = {55BCA2C9-3FA3-4484-B5DC-E60F27C68281}
	EndProjectSection
EndProject
Project("{2150E333-8FDC-42A3-9474-1A3956D46DE8}") = "Solution Items", "Solution Items", "{B7EB0417-083B-4464-85DE-0E1440F5E80F}"
EndProject
Project("{8BC9CEB8-8B4A-11D0-8D11-00A0C91BC942}") = "Forms", "Forms\Forms.vcxproj", "{9285DF5A-280D-473E-B8AD-17690CD46CA7}"
	ProjectSection(ProjectDependencies) = postProject
		{28BFC127-9E6B-4E34-BD41-E84E19BAD0F5} = {28BFC127-9E6B-4E34-BD41-E84E19BAD0F5}
		{7AD32C46-0EBD-4B61-A93C-9A94B24C2007} = {7AD32C46-0EBD-4B61-A93C-9A94B24C2007}
		{05F03B4B-822B-4A84-BA42-E431CC7F7617} = {05F03B4B-822B-4A84-BA42-E431CC7F7617}
		{169B814C-87FB-43D7-922D-A03EB62B2EF0} = {169B814C-87FB-43D7-922D-A03EB62B2EF0}
		{024F4A6A-2A09-4770-964B-D35FDA749FDD} = {024F4A6A-2A09-4770-964B-D35FDA749FDD}
		{64D7EB7F-F59C-4528-A4B0-49588213E10D} = {64D7EB7F-F59C-4528-A4B0-49588213E10D}
		{94BD6883-9699-4BF4-A538-22392DA360A0} = {94BD6883-9699-4BF4-A538-22392DA360A0}
		{3217D392-2460-4BEA-B902-5BB8A349C10D} = {3217D392-2460-4BEA-B902-5BB8A349C10D}
		{EDC47FA9-D0DB-45CB-B6A6-BB796416DA38} = {EDC47FA9-D0DB-45CB-B6A6-BB796416DA38}
		{E1EB44AF-1210-4B73-B536-D11DF9CFA8FD} = {E1EB44AF-1210-4B73-B536-D11DF9CFA8FD}
		{6CD1CFB2-193C-433E-B360-C03FC412AD77} = {6CD1CFB2-193C-433E-B360-C03FC412AD77}
		{55BCA2C9-3FA3-4484-B5DC-E60F27C68281} = {55BCA2C9-3FA3-4484-B5DC-E60F27C68281}
	EndProjectSection
EndProject
Project("{8BC9CEB8-8B4A-11D0-8D11-00A0C91BC942}") = "ComboBox", "ComboBox\ComboBox.vcxproj", "{28BFC127-9E6B-4E34-BD41-E84E19BAD0F5}"
EndProject
Project("{8BC9CEB8-8B4A-11D0-8D11-00A0C91BC942}") = "MessageBox", "MessageBox\MessageBox.vcxproj", "{EDC47FA9-D0DB-45CB-B6A6-BB796416DA38}"
EndProject
Global
	GlobalSection(SolutionConfigurationPlatforms) = preSolution
		Debug|x64 = Debug|x64
		Debug|x86 = Debug|x86
		Release|x64 = Release|x64
		Release|x86 = Release|x86
	EndGlobalSection
	GlobalSection(ProjectConfigurationPlatforms) = postSolution
		{E1EB44AF-1210-4B73-B536-D11DF9CFA8FD}.Debug|x64.ActiveCfg = Debug|x64
		{E1EB44AF-1210-4B73-B536-D11DF9CFA8FD}.Debug|x64.Build.0 = Debug|x64
		{E1EB44AF-1210-4B73-B536-D11DF9CFA8FD}.Debug|x86.ActiveCfg = Debug|Win32
		{E1EB44AF-1210-4B73-B536-D11DF9CFA8FD}.Debug|x86.Build.0 = Debug|Win32
		{E1EB44AF-1210-4B73-B536-D11DF9CFA8FD}.Release|x64.ActiveCfg = Release|x64
		{E1EB44AF-1210-4B73-B536-D11DF9CFA8FD}.Release|x64.Build.0 = Release|x64
		{E1EB44AF-1210-4B73-B536-D11DF9CFA8FD}.Release|x86.ActiveCfg = Release|Win32
		{E1EB44AF-1210-4B73-B536-D11DF9CFA8FD}.Release|x86.Build.0 = Release|Win32
		{3217D392-2460-4BEA-B902-5BB8A349C10D}.Debug|x64.ActiveCfg = Debug|x64
		{3217D392-2460-4BEA-B902-5BB8A349C10D}.Debug|x64.Build.0 = Debug|x64
		{3217D392-2460-4BEA-B902-5BB8A349C10D}.Debug|x86.ActiveCfg = Debug|Win32
		{3217D392-2460-4BEA-B902-5BB8A349C10D}.Debug|x86.Build.0 = Debug|Win32
		{3217D392-2460-4BEA-B902-5BB8A349C10D}.Release|x64.ActiveCfg = Release|x64
		{3217D392-2460-4BEA-B902-5BB8A349C10D}.Release|x64.Build.0 = Release|x64
		{3217D392-2460-4BEA-B902-5BB8A349C10D}.Release|x86.ActiveCfg = Release|Win32
		{3217D392-2460-4BEA-B902-5BB8A349C10D}.Release|x86.Build.0 = Release|Win32
		{64D7EB7F-F59C-4528-A4B0-49588213E10D}.Debug|x64.ActiveCfg = Debug|x64
		{64D7EB7F-F59C-4528-A4B0-49588213E10D}.Debug|x64.Build.0 = Debug|x64
		{64D7EB7F-F59C-4528-A4B0-49588213E10D}.Debug|x86.ActiveCfg = Debug|Win32
		{64D7EB7F-F59C-4528-A4B0-49588213E10D}.Debug|x86.Build.0 = Debug|Win32
		{64D7EB7F-F59C-4528-A4B0-49588213E10D}.Release|x64.ActiveCfg = Release|x64
		{64D7EB7F-F59C-4528-A4B0-49588213E10D}.Release|x64.Build.0 = Release|x64
		{64D7EB7F-F59C-4528-A4B0-49588213E10D}.Release|x86.ActiveCfg = Release|Win32
		{64D7EB7F-F59C-4528-A4B0-49588213E10D}.Release|x86.Build.0 = Release|Win32
		{7AD32C46-0EBD-4B61-A93C-9A94B24C2007}.Debug|x64.ActiveCfg = Debug|x64
		{7AD32C46-0EBD-4B61-A93C-9A94B24C2007}.Debug|x64.Build.0 = Debug|x64
		{7AD32C46-0EBD-4B61-A93C-9A94B24C2007}.Debug|x86.ActiveCfg = Debug|Win32
		{7AD32C46-0EBD-4B61-A93C-9A94B24C2007}.Debug|x86.Build.0 = Debug|Win32
		{7AD32C46-0EBD-4B61-A93C-9A94B24C2007}.Release|x64.ActiveCfg = Release|x64
		{7AD32C46-0EBD-4B61-A93C-9A94B24C2007}.Release|x64.Build.0 = Release|x64
		{7AD32C46-0EBD-4B61-A93C-9A94B24C2007}.Release|x86.ActiveCfg = Release|Win32
		{7AD32C46-0EBD-4B61-A93C-9A94B24C2007}.Release|x86.Build.0 = Release|Win32
		{05F03B4B-822B-4A84-BA42-E431CC7F7617}.Debug|x64.ActiveCfg = Debug|x64
		{05F03B4B-822B-4A84-BA42-E431CC7F7617}.Debug|x64.Build.0 = Debug|x64
		{05F03B4B-822B-4A84-BA42-E431CC7F7617}.Debug|x86.ActiveCfg = Debug|Win32
		{05F03B4B-822B-4A84-BA42-E431CC7F7617}.Debug|x86.Build.0 = Debug|Win32
		{05F03B4B-822B-4A84-BA42-E431CC7F7617}.Release|x64.ActiveCfg = Release|x64
		{05F03B4B-822B-4A84-BA42-E431CC7F7617}.Release|x64.Build.0 = Release|x64
		{05F03B4B-822B-4A84-BA42-E431CC7F7617}.Release|x86.ActiveCfg = Release|Win32
		{05F03B4B-822B-4A84-BA42-E431CC7F7617}.Release|x86.Build.0 = Release|Win32
		{94BD6883-9699-4BF4-A538-22392DA360A0}.Debug|x64.ActiveCfg = Debug|x64
		{94BD6883-9699-4BF4-A538-22392DA360A0}.Debug|x64.Build.0 = Debug|x64
		{94BD6883-9699-4BF4-A538-22392DA360A0}.Debug|x86.ActiveCfg = Debug|Win32
		{94BD6883-9699-4BF4-A538-22392DA360A0}.Debug|x86.Build.0 = Debug|Win32
		{94BD6883-9699-4BF4-A538-22392DA360A0}.Release|x64.ActiveCfg = Release|x64
		{94BD6883-9699-4BF4-A538-22392DA360A0}.Release|x64.Build.0 = Release|x64
		{94BD6883-9699-4BF4-A538-22392DA360A0}.Release|x86.ActiveCfg = Release|Win32
		{94BD6883-9699-4BF4-A538-22392DA360A0}.Release|x86.Build.0 = Release|Win32
		{169B814C-87FB-43D7-922D-A03EB62B2EF0}.Debug|x64.ActiveCfg = Debug|x64
		{169B814C-87FB-43D7-922D-A03EB62B2EF0}.Debug|x64.Build.0 = Debug|x64
		{169B814C-87FB-43D7-922D-A03EB62B2EF0}.Debug|x86.ActiveCfg = Debug|Win32
		{169B814C-87FB-43D7-922D-A03EB62B2EF0}.Debug|x86.Build.0 = Debug|Win32
		{169B814C-87FB-43D7-922D-A03EB62B2EF0}.Release|x64.ActiveCfg = Release|x64
		{169B814C-87FB-43D7-922D-A03EB62B2EF0}.Release|x64.Build.0 = Release|x64
		{169B814C-87FB-43D7-922D-A03EB62B2EF0}.Release|x86.ActiveCfg = Release|Win32
		{169B814C-87FB-43D7-922D-A03EB62B2EF0}.Release|x86.Build.0 = Release|Win32
		{55BCA2C9-3FA3-4484-B5DC-E60F27C68281}.Debug|x64.ActiveCfg = Debug|x64
		{55BCA2C9-3FA3-4484-B5DC-E60F27C68281}.Debug|x64.Build.0 = Debug|x64
		{55BCA2C9-3FA3-4484-B5DC-E60F27C68281}.Debug|x86.ActiveCfg = Debug|Win32
		{55BCA2C9-3FA3-4484-B5DC-E60F27C68281}.Debug|x86.Build.0 = Debug|Win32
		{55BCA2C9-3FA3-4484-B5DC-E60F27C68281}.Release|x64.ActiveCfg = Release|x64
		{55BCA2C9-3FA3-4484-B5DC-E60F27C68281}.Release|x64.Build.0 = Release|x64
		{55BCA2C9-3FA3-4484-B5DC-E60F27C68281}.Release|x86.ActiveCfg = Release|Win32
		{55BCA2C9-3FA3-4484-B5DC-E60F27C68281}.Release|x86.Build.0 = Release|Win32
		{6CD1CFB2-193C-433E-B360-C03FC412AD77}.Debug|x64.ActiveCfg = Debug|x64
		{6CD1CFB2-193C-433E-B360-C03FC412AD77}.Debug|x64.Build.0 = Debug|x64
		{6CD1CFB2-193C-433E-B360-C03FC412AD77}.Debug|x86.ActiveCfg = Debug|Win32
		{6CD1CFB2-193C-433E-B360-C03FC412AD77}.Debug|x86.Build.0 = Debug|Win32
		{6CD1CFB2-193C-433E-B360-C03FC412AD77}.Release|x64.ActiveCfg = Release|x64
		{6CD1CFB2-193C-433E-B360-C03FC412AD77}.Release|x64.Build.0 = Release|x64
		{6CD1CFB2-193C-433E-B360-C03FC412AD77}.Release|x86.ActiveCfg = Release|Win32
		{6CD1CFB2-193C-433E-B360-C03FC412AD77}.Release|x86.Build.0 = Release|Win32
		{024F4A6A-2A09-4770-964B-D35FDA749FDD}.Debug|x64.ActiveCfg = Debug|x64
		{024F4A6A-2A09-4770-964B-D35FDA749FDD}.Debug|x64.Build.0 = Debug|x64
		{024F4A6A-2A09-4770-964B-D35FDA749FDD}.Debug|x86.ActiveCfg = Debug|Win32
		{024F4A6A-2A09-4770-964B-D35FDA749FDD}.Debug|x86.Build.0 = Debug|Win32
		{024F4A6A-2A09-4770-964B-D35FDA749FDD}.Release|x64.ActiveCfg = Release|x64
		{024F4A6A-2A09-4770-964B-D35FDA749FDD}.Release|x64.Build.0 = Release|x64
		{024F4A6A-2A09-4770-964B-D35FDA749FDD}.Release|x86.ActiveCfg = Release|Win32
		{024F4A6A-2A09-4770-964B-D35FDA749FDD}.Release|x86.Build.0 = Release|Win32
		{9285DF5A-280D-473E-B8AD-17690CD46CA7}.Debug|x64.ActiveCfg = Debug|x64
		{9285DF5A-280D-473E-B8AD-17690CD46CA7}.Debug|x64.Build.0 = Debug|x64
		{9285DF5A-280D-473E-B8AD-17690CD46CA7}.Debug|x86.ActiveCfg = Debug|Win32
		{9285DF5A-280D-473E-B8AD-17690CD46CA7}.Debug|x86.Build.0 = Debug|Win32
		{9285DF5A-280D-473E-B8AD-17690CD46CA7}.Release|x64.ActiveCfg = Release|x64
		{9285DF5A-280D-473E-B8AD-17690CD46CA7}.Release|x64.Build.0 = Release|x64
		{9285DF5A-280D-473E-B8AD-17690CD46CA7}.Release|x86.ActiveCfg = Release|Win32
		{9285DF5A-280D-473E-B8AD-17690CD46CA7}.Release|x86.Build.0 = Release|Win32
		{28BFC127-9E6B-4E34-BD41-E84E19BAD0F5}.Debug|x64.ActiveCfg = Debug|x64
		{28BFC127-9E6B-4E34-BD41-E84E19BAD0F5}.Debug|x64.Build.0 = Debug|x64
		{28BFC127-9E6B-4E34-BD41-E84E19BAD0F5}.Debug|x86.ActiveCfg = Debug|Win32
		{28BFC127-9E6B-4E34-BD41-E84E19BAD0F5}.Debug|x86.Build.0 = Debug|Win32
		{28BFC127-9E6B-4E34-BD41-E84E19BAD0F5}.Release|x64.ActiveCfg = Release|x64
		{28BFC127-9E6B-4E34-BD41-E84E19BAD0F5}.Release|x64.Build.0 = Release|x64
		{28BFC127-9E6B-4E34-BD41-E84E19BAD0F5}.Release|x86.ActiveCfg = Release|Win32
		{28BFC127-9E6B-4E34-BD41-E84E19BAD0F5}.Release|x86.Build.0 = Release|Win32
		{EDC47FA9-D0DB-45CB-B6A6-BB796416DA38}.Debug|x64.ActiveCfg = Debug|x64
		{EDC47FA9-D0DB-45CB-B6A6-BB796416DA38}.Debug|x64.Build.0 = Debug|x64
		{EDC47FA9-D0DB-45CB-B6A6-BB796416DA38}.Debug|x86.ActiveCfg = Debug|Win32
		{EDC47FA9-D0DB-45CB-B6A6-BB796416DA38}.Debug|x86.Build.0 = Debug|Win32
		{EDC47FA9-D0DB-45CB-B6A6-BB796416DA38}.Release|x64.ActiveCfg = Release|x64
		{EDC47FA9-D0DB-45CB-B6A6-BB796416DA38}.Release|x64.Build.0 = Release|x64
		{EDC47FA9-D0DB-45CB-B6A6-BB796416DA38}.Release|x86.ActiveCfg = Release|Win32
		{EDC47FA9-D0DB-45CB-B6A6-BB796416DA38}.Release|x86.Build.0 = Release|Win32
	EndGlobalSection
	GlobalSection(SolutionProperties) = preSolution
		HideSolutionNode = FALSE
	EndGlobalSection
EndGlobal
